
Microsoft Visual Studio Solution File, Format Version 12.00
# Visual Studio 15
VisualStudioVersion = 15.0.28010.2046
MinimumVisualStudioVersion = 10.0.40219.1
Project("{FAE04EC0-301F-11D3-BF4B-00C04F79EFBC}") = "GuestsService", "GuestsService\GuestsService.csproj", "{AC013F35-F3F4-498A-89F1-44C5338BA4C9}"
EndProject
Project("{FAE04EC0-301F-11D3-BF4B-00C04F79EFBC}") = "GuestsShared", "..\GuestsShared\GuestsShared.csproj", "{949FB39E-867B-473E-AF06-179EB9A223E7}"
EndProject
Global
	GlobalSection(SolutionConfigurationPlatforms) = preSolution
		Debug|Any CPU = Debug|Any CPU
		Release|Any CPU = Release|Any CPU
	EndGlobalSection
	GlobalSection(ProjectConfigurationPlatforms) = postSolution
		{AC013F35-F3F4-498A-89F1-44C5338BA4C9}.Debug|Any CPU.ActiveCfg = Debug|Any CPU
		{AC013F35-F3F4-498A-89F1-44C5338BA4C9}.Debug|Any CPU.Build.0 = Debug|Any CPU
		{AC013F35-F3F4-498A-89F1-44C5338BA4C9}.Release|Any CPU.ActiveCfg = Release|Any CPU
		{AC013F35-F3F4-498A-89F1-44C5338BA4C9}.Release|Any CPU.Build.0 = Release|Any CPU
		{949FB39E-867B-473E-AF06-179EB9A223E7}.Debug|Any CPU.ActiveCfg = Debug|Any CPU
		{949FB39E-867B-473E-AF06-179EB9A223E7}.Debug|Any CPU.Build.0 = Debug|Any CPU
		{949FB39E-867B-473E-AF06-179EB9A223E7}.Release|Any CPU.ActiveCfg = Release|Any CPU
		{949FB39E-867B-473E-AF06-179EB9A223E7}.Release|Any CPU.Build.0 = Release|Any CPU
	EndGlobalSection
	GlobalSection(SolutionProperties) = preSolution
		HideSolutionNode = FALSE
	EndGlobalSection
	GlobalSection(ExtensibilityGlobals) = postSolution
		SolutionGuid = {09C6CBB1-7C28-4858-ABF4-C4B62581145C}
	EndGlobalSection
EndGlobal
